# THIS IS AN AUTOGENERATED FILE. DO NOT EDIT THIS FILE DIRECTLY.
# yarn lockfile v1


"@csstools/convert-colors@^1.4.0":
  version "1.4.0"
  resolved "https://registry.npmjs.org/@csstools/convert-colors/-/convert-colors-1.4.0.tgz#ad495dc41b12e75d588c6db8b9834f08fa131eb7"
  integrity sha512-5a6wqoJV/xEdbRNKVo6I4hO3VjyDq//8q2f9I6PBAvMesJHFauXDorcNCsr9RzvsZnaWi5NYCcfyqP1QeFHFbw==

ansi-styles@^3.2.1:
  version "3.2.1"
  resolved "https://registry.npmjs.org/ansi-styles/-/ansi-styles-3.2.1.tgz#41fbb20243e50b12be0f04b8dedbf07520ce841d"
  integrity sha512-VT0ZI6kZRdTh8YyJw3SMbYm/u+NqfsAxEpWO0Pf9sq8/e94WxxOpPKx9FR1FlyCtOVDNOQ+8ntlqFxiRc+r5qA==
  dependencies:
    color-convert "^1.9.0"

autoprefixer@^9.4.9:
  version "9.5.1"
  resolved "https://registry.npmjs.org/autoprefixer/-/autoprefixer-9.5.1.tgz#243b1267b67e7e947f28919d786b50d3bb0fb357"
  integrity sha512-KJSzkStUl3wP0D5sdMlP82Q52JLy5+atf2MHAre48+ckWkXgixmfHyWmA77wFDy6jTHU6mIgXv6hAQ2mf1PjJQ==
  dependencies:
    browserslist "^4.5.4"
    caniuse-lite "^1.0.30000957"
    normalize-range "^0.1.2"
    num2fraction "^1.2.2"
    postcss "^7.0.14"
    postcss-value-parser "^3.3.1"

balanced-match@^1.0.0:
  version "1.0.0"
  resolved "https://registry.npmjs.org/balanced-match/-/balanced-match-1.0.0.tgz#89b4d199ab2bee49de164ea02b89ce462d71b767"
  integrity sha1-ibTRmasr7kneFk6gK4nORi1xt2c=

browserslist@^4.4.2, browserslist@^4.5.4:
  version "4.5.6"
  resolved "https://registry.npmjs.org/browserslist/-/browserslist-4.5.6.tgz#ea42e8581ca2513fa7f371d4dd66da763938163d"
  integrity sha512-o/hPOtbU9oX507lIqon+UvPYqpx3mHc8cV3QemSBTXwkG8gSQSK6UKvXcE/DcleU3+A59XTUHyCvZ5qGy8xVAg==
  dependencies:
    caniuse-lite "^1.0.30000963"
    electron-to-chromium "^1.3.127"
    node-releases "^1.1.17"

caniuse-lite@^1.0.30000939, caniuse-lite@^1.0.30000957, caniuse-lite@^1.0.30000963:
  version "1.0.30000963"
  resolved "https://registry.npmjs.org/caniuse-lite/-/caniuse-lite-1.0.30000963.tgz#5be481d5292f22aff5ee0db4a6c049b65b5798b1"
  integrity sha512-n4HUiullc7Lw0LyzpeLa2ffP8KxFBGdxqD/8G3bSL6oB758hZ2UE2CVK+tQN958tJIi0/tfpjAc67aAtoHgnrQ==

chalk@^2.4.2:
  version "2.4.2"
  resolved "https://registry.npmjs.org/chalk/-/chalk-2.4.2.tgz#cd42541677a54333cf541a49108c1432b44c9424"
  integrity sha512-Mti+f9lpJNcwF4tWV8/OrTTtF1gZi+f8FqlyAdouralcFWFQWF2+NgCHShjkCb+IFBLq9buZwE1xckQU4peSuQ==
  dependencies:
    ansi-styles "^3.2.1"
    escape-string-regexp "^1.0.5"
    supports-color "^5.3.0"

clipboard@^2.0.0:
  version "2.0.4"
  resolved "https://registry.npmjs.org/clipboard/-/clipboard-2.0.4.tgz#836dafd66cf0fea5d71ce5d5b0bf6e958009112d"
  integrity sha512-Vw26VSLRpJfBofiVaFb/I8PVfdI1OxKcYShe6fm0sP/DtmiWQNCjhM/okTvdCo0G+lMMm1rMYbk4IK4x1X+kgQ==
  dependencies:
    good-listener "^1.2.2"
    select "^1.1.2"
    tiny-emitter "^2.0.0"

color-convert@^1.9.0:
  version "1.9.3"
  resolved "https://registry.npmjs.org/color-convert/-/color-convert-1.9.3.tgz#bb71850690e1f136567de629d2d5471deda4c1e8"
  integrity sha512-QfAUtd+vFdAtFQcC8CCyYt1fYWxSqAiK2cSD6zDB8N3cpsEBAvRxp9zOGg6G/SHHJYAT88/az/IuDGALsNVbGg==
  dependencies:
    color-name "1.1.3"

color-name@1.1.3:
  version "1.1.3"
  resolved "https://registry.npmjs.org/color-name/-/color-name-1.1.3.tgz#a7d0558bd89c42f795dd42328f740831ca53bc25"
  integrity sha1-p9BVi9icQveV3UIyj3QIMcpTvCU=

css-blank-pseudo@^0.1.4:
  version "0.1.4"
  resolved "https://registry.npmjs.org/css-blank-pseudo/-/css-blank-pseudo-0.1.4.tgz#dfdefd3254bf8a82027993674ccf35483bfcb3c5"
  integrity sha512-LHz35Hr83dnFeipc7oqFDmsjHdljj3TQtxGGiNWSOsTLIAubSm4TEz8qCaKFpk7idaQ1GfWscF4E6mgpBysA1w==
  dependencies:
    postcss "^7.0.5"

css-has-pseudo@^0.10.0:
  version "0.10.0"
  resolved "https://registry.npmjs.org/css-has-pseudo/-/css-has-pseudo-0.10.0.tgz#3c642ab34ca242c59c41a125df9105841f6966ee"
  integrity sha512-Z8hnfsZu4o/kt+AuFzeGpLVhFOGO9mluyHBaA2bA8aCGTwah5sT3WV/fTHH8UNZUytOIImuGPrl/prlb4oX4qQ==
  dependencies:
    postcss "^7.0.6"
    postcss-selector-parser "^5.0.0-rc.4"

css-prefers-color-scheme@^3.1.1:
  version "3.1.1"
  resolved "https://registry.npmjs.org/css-prefers-color-scheme/-/css-prefers-color-scheme-3.1.1.tgz#6f830a2714199d4f0d0d0bb8a27916ed65cff1f4"
  integrity sha512-MTu6+tMs9S3EUqzmqLXEcgNRbNkkD/TGFvowpeoWJn5Vfq7FMgsmRQs9X5NXAURiOBmOxm/lLjsDNXDE6k9bhg==
  dependencies:
    postcss "^7.0.5"

cssdb@^4.3.0:
  version "4.3.0"
  resolved "https://registry.npmjs.org/cssdb/-/cssdb-4.3.0.tgz#2e1229900616f80c66ff2d568ea2b4f92db1c78c"
  integrity sha512-VHPES/+c9s+I0ryNj+PXvp84nz+ms843z/efpaEINwP/QfGsINL3gpLp5qjapzDNzNzbXxur8uxKxSXImrg4ag==

cssesc@^2.0.0:
  version "2.0.0"
  resolved "https://registry.npmjs.org/cssesc/-/cssesc-2.0.0.tgz#3b13bd1bb1cb36e1bcb5a4dcd27f54c5dcb35703"
  integrity sha512-MsCAG1z9lPdoO/IUMLSBWBSVxVtJ1395VGIQ+Fc2gNdkQ1hNDnQdw3YhA71WJCBW1vdwA0cAnk/DnW6bqoEUYg==

date-fns@1.30.1:
  version "1.30.1"
  resolved "https://registry.npmjs.org/date-fns/-/date-fns-1.30.1.tgz#2e71bf0b119153dbb4cc4e88d9ea5acfb50dc05c"
  integrity sha512-hBSVCvSmWC+QypYObzwGOd9wqdDpOt+0wl0KbU+R+uuZBS1jN8VsD1ss3irQDknRj5NvxiTF6oj/nDRnN/UQNw==

delegate@^3.1.2:
  version "3.2.0"
  resolved "https://registry.npmjs.org/delegate/-/delegate-3.2.0.tgz#b66b71c3158522e8ab5744f720d8ca0c2af59166"
  integrity sha512-IofjkYBZaZivn0V8nnsMJGBr4jVLxHDheKSW88PyxS5QC4Vo9ZbZVvhzlSxY87fVq3STR6r+4cGepyHkcWOQSw==

electron-to-chromium@^1.3.127:
  version "1.3.128"
  resolved "https://registry.npmjs.org/electron-to-chromium/-/electron-to-chromium-1.3.128.tgz#1f9ffa31397da2f220d583dbb2b763e365dfbbc5"
  integrity sha512-1QK+KELj1mhC9iE7grSP9PP2f06F85UgTs0M9qjuvSuKwxbyifhyPB8dZ27IlYvzMBnLtO4oHNBKTQoN6Tg5mg==

escape-string-regexp@^1.0.5:
  version "1.0.5"
  resolved "https://registry.npmjs.org/escape-string-regexp/-/escape-string-regexp-1.0.5.tgz#1b61c0562190a8dff6ae3bb2cf0200ca130b86d4"
  integrity sha1-G2HAViGQqN/2rjuyzwIAyhMLhtQ=

flatten@^1.0.2:
  version "1.0.2"
  resolved "https://registry.npmjs.org/flatten/-/flatten-1.0.2.tgz#dae46a9d78fbe25292258cc1e780a41d95c03782"
  integrity sha1-2uRqnXj74lKSJYzB54CkHZXAN4I=

good-listener@^1.2.2:
  version "1.2.2"
  resolved "https://registry.npmjs.org/good-listener/-/good-listener-1.2.2.tgz#d53b30cdf9313dffb7dc9a0d477096aa6d145c50"
  integrity sha1-1TswzfkxPf+33JoNR3CWqm0UXFA=
  dependencies:
    delegate "^3.1.2"

has-flag@^3.0.0:
  version "3.0.0"
  resolved "https://registry.npmjs.org/has-flag/-/has-flag-3.0.0.tgz#b5d454dc2199ae225699f3467e5a07f3b955bafd"
  integrity sha1-tdRU3CGZriJWmfNGfloH87lVuv0=

indexes-of@^1.0.1:
  version "1.0.1"
  resolved "https://registry.npmjs.org/indexes-of/-/indexes-of-1.0.1.tgz#f30f716c8e2bd346c7b67d3df3915566a7c05607"
  integrity sha1-8w9xbI4r00bHtn0985FVZqfAVgc=

jump.js@1.0.2:
  version "1.0.2"
  resolved "https://registry.npmjs.org/jump.js/-/jump.js-1.0.2.tgz#e0641b47f40a38f2139c25fda0500bf28e43015a"
  integrity sha1-4GQbR/QKOPITnCX9oFAL8o5DAVo=

lodash._reinterpolate@~3.0.0:
  version "3.0.0"
  resolved "https://registry.npmjs.org/lodash._reinterpolate/-/lodash._reinterpolate-3.0.0.tgz#0ccf2d89166af03b3663c796538b75ac6e114d9d"
  integrity sha1-DM8tiRZq8Ds2Y8eWU4t1rG4RTZ0=

lodash.template@^4.2.4:
  version "4.4.0"
  resolved "https://registry.npmjs.org/lodash.template/-/lodash.template-4.4.0.tgz#e73a0385c8355591746e020b99679c690e68fba0"
  integrity sha1-5zoDhcg1VZF0bgILmWecaQ5o+6A=
  dependencies:
    lodash._reinterpolate "~3.0.0"
    lodash.templatesettings "^4.0.0"

lodash.templatesettings@^4.0.0:
  version "4.1.0"
  resolved "https://registry.npmjs.org/lodash.templatesettings/-/lodash.templatesettings-4.1.0.tgz#2b4d4e95ba440d915ff08bc899e4553666713316"
  integrity sha1-K01OlbpEDZFf8IvImeRVNmZxMxY=
  dependencies:
    lodash._reinterpolate "~3.0.0"

markdown-it-footnote@3.0.1:
  version "3.0.1"
  resolved "https://registry.npmjs.org/markdown-it-footnote/-/markdown-it-footnote-3.0.1.tgz#7f3730747cacc86e2fe0bf8a17a710f34791517a"
  integrity sha1-fzcwdHysyG4v4L+KF6cQ80eRUXo=

node-releases@^1.1.17:
  version "1.1.17"
  resolved "https://registry.npmjs.org/node-releases/-/node-releases-1.1.17.tgz#71ea4631f0a97d5cd4f65f7d04ecf9072eac711a"
  integrity sha512-/SCjetyta1m7YXLgtACZGDYJdCSIBAWorDWkGCGZlydP2Ll7J48l7j/JxNYZ+xsgSPbWfdulVS/aY+GdjUsQ7Q==
  dependencies:
    semver "^5.3.0"

normalize-range@^0.1.2:
  version "0.1.2"
  resolved "https://registry.npmjs.org/normalize-range/-/normalize-range-0.1.2.tgz#2d10c06bdfd312ea9777695a4d28439456b75942"
  integrity sha1-LRDAa9/TEuqXd2laTShDlFa3WUI=

nprogress@0.2.0:
  version "0.2.0"
  resolved "https://registry.npmjs.org/nprogress/-/nprogress-0.2.0.tgz#cb8f34c53213d895723fcbab907e9422adbcafb1"
  integrity sha1-y480xTIT2JVyP8urkH6UIq28r7E=

num2fraction@^1.2.2:
  version "1.2.2"
  resolved "https://registry.npmjs.org/num2fraction/-/num2fraction-1.2.2.tgz#6f682b6a027a4e9ddfa4564cd2589d1d4e669ede"
  integrity sha1-b2gragJ6Tp3fpFZM0lidHU5mnt4=

postcss-attribute-case-insensitive@^4.0.1:
  version "4.0.1"
  resolved "https://registry.npmjs.org/postcss-attribute-case-insensitive/-/postcss-attribute-case-insensitive-4.0.1.tgz#b2a721a0d279c2f9103a36331c88981526428cc7"
  integrity sha512-L2YKB3vF4PetdTIthQVeT+7YiSzMoNMLLYxPXXppOOP7NoazEAy45sh2LvJ8leCQjfBcfkYQs8TtCcQjeZTp8A==
  dependencies:
    postcss "^7.0.2"
    postcss-selector-parser "^5.0.0"

postcss-color-functional-notation@^2.0.1:
  version "2.0.1"
  resolved "https://registry.npmjs.org/postcss-color-functional-notation/-/postcss-color-functional-notation-2.0.1.tgz#5efd37a88fbabeb00a2966d1e53d98ced93f74e0"
  integrity sha512-ZBARCypjEDofW4P6IdPVTLhDNXPRn8T2s1zHbZidW6rPaaZvcnCS2soYFIQJrMZSxiePJ2XIYTlcb2ztr/eT2g==
  dependencies:
    postcss "^7.0.2"
    postcss-values-parser "^2.0.0"

postcss-color-gray@^5.0.0:
  version "5.0.0"
  resolved "https://registry.npmjs.org/postcss-color-gray/-/postcss-color-gray-5.0.0.tgz#532a31eb909f8da898ceffe296fdc1f864be8547"
  integrity sha512-q6BuRnAGKM/ZRpfDascZlIZPjvwsRye7UDNalqVz3s7GDxMtqPY6+Q871liNxsonUw8oC61OG+PSaysYpl1bnw==
  dependencies:
    "@csstools/convert-colors" "^1.4.0"
    postcss "^7.0.5"
    postcss-values-parser "^2.0.0"

postcss-color-hex-alpha@^5.0.2:
  version "5.0.2"
  resolved "https://registry.npmjs.org/postcss-color-hex-alpha/-/postcss-color-hex-alpha-5.0.2.tgz#e9b1886bb038daed33f6394168c210b40bb4fdb6"
  integrity sha512-8bIOzQMGdZVifoBQUJdw+yIY00omBd2EwkJXepQo9cjp1UOHHHoeRDeSzTP6vakEpaRc6GAIOfvcQR7jBYaG5Q==
  dependencies:
    postcss "^7.0.2"
    postcss-values-parser "^2.0.0"

postcss-color-mod-function@^3.0.3:
  version "3.0.3"
  resolved "https://registry.npmjs.org/postcss-color-mod-function/-/postcss-color-mod-function-3.0.3.tgz#816ba145ac11cc3cb6baa905a75a49f903e4d31d"
  integrity sha512-YP4VG+xufxaVtzV6ZmhEtc+/aTXH3d0JLpnYfxqTvwZPbJhWqp8bSY3nfNzNRFLgB4XSaBA82OE4VjOOKpCdVQ==
  dependencies:
    "@csstools/convert-colors" "^1.4.0"
    postcss "^7.0.2"
    postcss-values-parser "^2.0.0"

postcss-color-rebeccapurple@^4.0.1:
  version "4.0.1"
  resolved "https://registry.npmjs.org/postcss-color-rebeccapurple/-/postcss-color-rebeccapurple-4.0.1.tgz#c7a89be872bb74e45b1e3022bfe5748823e6de77"
  integrity sha512-aAe3OhkS6qJXBbqzvZth2Au4V3KieR5sRQ4ptb2b2O8wgvB3SJBsdG+jsn2BZbbwekDG8nTfcCNKcSfe/lEy8g==
  dependencies:
    postcss "^7.0.2"
    postcss-values-parser "^2.0.0"

postcss-custom-media@^7.0.7:
  version "7.0.7"
  resolved "https://registry.npmjs.org/postcss-custom-media/-/postcss-custom-media-7.0.7.tgz#bbc698ed3089ded61aad0f5bfb1fb48bf6969e73"
  integrity sha512-bWPCdZKdH60wKOTG4HKEgxWnZVjAIVNOJDvi3lkuTa90xo/K0YHa2ZnlKLC5e2qF8qCcMQXt0yzQITBp8d0OFA==
  dependencies:
    postcss "^7.0.5"

postcss-custom-properties@^8.0.9:
  version "8.0.9"
  resolved "https://registry.npmjs.org/postcss-custom-properties/-/postcss-custom-properties-8.0.9.tgz#8943870528a6eae4c8e8d285b6ccc9fd1f97e69c"
  integrity sha512-/Lbn5GP2JkKhgUO2elMs4NnbUJcvHX4AaF5nuJDaNkd2chYW1KA5qtOGGgdkBEWcXtKSQfHXzT7C6grEVyb13w==
  dependencies:
    postcss "^7.0.5"
    postcss-values-parser "^2.0.0"

postcss-custom-selectors@^5.1.2:
  version "5.1.2"
  resolved "https://registry.npmjs.org/postcss-custom-selectors/-/postcss-custom-selectors-5.1.2.tgz#64858c6eb2ecff2fb41d0b28c9dd7b3db4de7fba"
  integrity sha512-DSGDhqinCqXqlS4R7KGxL1OSycd1lydugJ1ky4iRXPHdBRiozyMHrdu0H3o7qNOCiZwySZTUI5MV0T8QhCLu+w==
  dependencies:
    postcss "^7.0.2"
    postcss-selector-parser "^5.0.0-rc.3"

postcss-dir-pseudo-class@^5.0.0:
  version "5.0.0"
  resolved "https://registry.npmjs.org/postcss-dir-pseudo-class/-/postcss-dir-pseudo-class-5.0.0.tgz#6e3a4177d0edb3abcc85fdb6fbb1c26dabaeaba2"
  integrity sha512-3pm4oq8HYWMZePJY+5ANriPs3P07q+LW6FAdTlkFH2XqDdP4HeeJYMOzn0HYLhRSjBO3fhiqSwwU9xEULSrPgw==
  dependencies:
    postcss "^7.0.2"
    postcss-selector-parser "^5.0.0-rc.3"

postcss-double-position-gradients@^1.0.0:
  version "1.0.0"
  resolved "https://registry.npmjs.org/postcss-double-position-gradients/-/postcss-double-position-gradients-1.0.0.tgz#fc927d52fddc896cb3a2812ebc5df147e110522e"
  integrity sha512-G+nV8EnQq25fOI8CH/B6krEohGWnF5+3A6H/+JEpOncu5dCnkS1QQ6+ct3Jkaepw1NGVqqOZH6lqrm244mCftA==
  dependencies:
    postcss "^7.0.5"
    postcss-values-parser "^2.0.0"

postcss-env-function@^2.0.2:
  version "2.0.2"
  resolved "https://registry.npmjs.org/postcss-env-function/-/postcss-env-function-2.0.2.tgz#0f3e3d3c57f094a92c2baf4b6241f0b0da5365d7"
  integrity sha512-rwac4BuZlITeUbiBq60h/xbLzXY43qOsIErngWa4l7Mt+RaSkT7QBjXVGTcBHupykkblHMDrBFh30zchYPaOUw==
  dependencies:
    postcss "^7.0.2"
    postcss-values-parser "^2.0.0"

postcss-focus-visible@^4.0.0:
  version "4.0.0"
  resolved "https://registry.npmjs.org/postcss-focus-visible/-/postcss-focus-visible-4.0.0.tgz#477d107113ade6024b14128317ade2bd1e17046e"
  integrity sha512-Z5CkWBw0+idJHSV6+Bgf2peDOFf/x4o+vX/pwcNYrWpXFrSfTkQ3JQ1ojrq9yS+upnAlNRHeg8uEwFTgorjI8g==
  dependencies:
    postcss "^7.0.2"

postcss-focus-within@^3.0.0:
  version "3.0.0"
  resolved "https://registry.npmjs.org/postcss-focus-within/-/postcss-focus-within-3.0.0.tgz#763b8788596cee9b874c999201cdde80659ef680"
  integrity sha512-W0APui8jQeBKbCGZudW37EeMCjDeVxKgiYfIIEo8Bdh5SpB9sxds/Iq8SEuzS0Q4YFOlG7EPFulbbxujpkrV2w==
  dependencies:
    postcss "^7.0.2"

postcss-font-variant@^4.0.0:
  version "4.0.0"
  resolved "https://registry.npmjs.org/postcss-font-variant/-/postcss-font-variant-4.0.0.tgz#71dd3c6c10a0d846c5eda07803439617bbbabacc"
  integrity sha512-M8BFYKOvCrI2aITzDad7kWuXXTm0YhGdP9Q8HanmN4EF1Hmcgs1KK5rSHylt/lUJe8yLxiSwWAHdScoEiIxztg==
  dependencies:
    postcss "^7.0.2"

postcss-gap-properties@^2.0.0:
  version "2.0.0"
  resolved "https://registry.npmjs.org/postcss-gap-properties/-/postcss-gap-properties-2.0.0.tgz#431c192ab3ed96a3c3d09f2ff615960f902c1715"
  integrity sha512-QZSqDaMgXCHuHTEzMsS2KfVDOq7ZFiknSpkrPJY6jmxbugUPTuSzs/vuE5I3zv0WAS+3vhrlqhijiprnuQfzmg==
  dependencies:
    postcss "^7.0.2"

postcss-image-set-function@^3.0.1:
  version "3.0.1"
  resolved "https://registry.npmjs.org/postcss-image-set-function/-/postcss-image-set-function-3.0.1.tgz#28920a2f29945bed4c3198d7df6496d410d3f288"
  integrity sha512-oPTcFFip5LZy8Y/whto91L9xdRHCWEMs3e1MdJxhgt4jy2WYXfhkng59fH5qLXSCPN8k4n94p1Czrfe5IOkKUw==
  dependencies:
    postcss "^7.0.2"
    postcss-values-parser "^2.0.0"

postcss-initial@^3.0.0:
  version "3.0.0"
  resolved "https://registry.npmjs.org/postcss-initial/-/postcss-initial-3.0.0.tgz#1772512faf11421b791fb2ca6879df5f68aa0517"
  integrity sha512-WzrqZ5nG9R9fUtrA+we92R4jhVvEB32IIRTzfIG/PLL8UV4CvbF1ugTEHEFX6vWxl41Xt5RTCJPEZkuWzrOM+Q==
  dependencies:
    lodash.template "^4.2.4"
    postcss "^7.0.2"

postcss-lab-function@^2.0.1:
  version "2.0.1"
  resolved "https://registry.npmjs.org/postcss-lab-function/-/postcss-lab-function-2.0.1.tgz#bb51a6856cd12289ab4ae20db1e3821ef13d7d2e"
  integrity sha512-whLy1IeZKY+3fYdqQFuDBf8Auw+qFuVnChWjmxm/UhHWqNHZx+B99EwxTvGYmUBqe3Fjxs4L1BoZTJmPu6usVg==
  dependencies:
    "@csstools/convert-colors" "^1.4.0"
    postcss "^7.0.2"
    postcss-values-parser "^2.0.0"

postcss-logical@^3.0.0:
  version "3.0.0"
  resolved "https://registry.npmjs.org/postcss-logical/-/postcss-logical-3.0.0.tgz#2495d0f8b82e9f262725f75f9401b34e7b45d5b5"
  integrity sha512-1SUKdJc2vuMOmeItqGuNaC+N8MzBWFWEkAnRnLpFYj1tGGa7NqyVBujfRtgNa2gXR+6RkGUiB2O5Vmh7E2RmiA==
  dependencies:
    postcss "^7.0.2"

postcss-media-minmax@^4.0.0:
  version "4.0.0"
  resolved "https://registry.npmjs.org/postcss-media-minmax/-/postcss-media-minmax-4.0.0.tgz#b75bb6cbc217c8ac49433e12f22048814a4f5ed5"
  integrity sha512-fo9moya6qyxsjbFAYl97qKO9gyre3qvbMnkOZeZwlsW6XYFsvs2DMGDlchVLfAd8LHPZDxivu/+qW2SMQeTHBw==
  dependencies:
    postcss "^7.0.2"

postcss-nesting@^7.0.0:
  version "7.0.0"
  resolved "https://registry.npmjs.org/postcss-nesting/-/postcss-nesting-7.0.0.tgz#6e26a770a0c8fcba33782a6b6f350845e1a448f6"
  integrity sha512-WSsbVd5Ampi3Y0nk/SKr5+K34n52PqMqEfswu6RtU4r7wA8vSD+gM8/D9qq4aJkHImwn1+9iEFTbjoWsQeqtaQ==
  dependencies:
    postcss "^7.0.2"

postcss-overflow-shorthand@^2.0.0:
  version "2.0.0"
  resolved "https://registry.npmjs.org/postcss-overflow-shorthand/-/postcss-overflow-shorthand-2.0.0.tgz#31ecf350e9c6f6ddc250a78f0c3e111f32dd4c30"
  integrity sha512-aK0fHc9CBNx8jbzMYhshZcEv8LtYnBIRYQD5i7w/K/wS9c2+0NSR6B3OVMu5y0hBHYLcMGjfU+dmWYNKH0I85g==
  dependencies:
    postcss "^7.0.2"

postcss-page-break@^2.0.0:
  version "2.0.0"
  resolved "https://registry.npmjs.org/postcss-page-break/-/postcss-page-break-2.0.0.tgz#add52d0e0a528cabe6afee8b46e2abb277df46bf"
  integrity sha512-tkpTSrLpfLfD9HvgOlJuigLuk39wVTbbd8RKcy8/ugV2bNBUW3xU+AIqyxhDrQr1VUj1RmyJrBn1YWrqUm9zAQ==
  dependencies:
    postcss "^7.0.2"

postcss-place@^4.0.1:
  version "4.0.1"
  resolved "https://registry.npmjs.org/postcss-place/-/postcss-place-4.0.1.tgz#e9f39d33d2dc584e46ee1db45adb77ca9d1dcc62"
  integrity sha512-Zb6byCSLkgRKLODj/5mQugyuj9bvAAw9LqJJjgwz5cYryGeXfFZfSXoP1UfveccFmeq0b/2xxwcTEVScnqGxBg==
  dependencies:
    postcss "^7.0.2"
    postcss-values-parser "^2.0.0"

postcss-preset-env@6.6.0:
  version "6.6.0"
  resolved "https://registry.npmjs.org/postcss-preset-env/-/postcss-preset-env-6.6.0.tgz#642e7d962e2bdc2e355db117c1eb63952690ed5b"
  integrity sha512-I3zAiycfqXpPIFD6HXhLfWXIewAWO8emOKz+QSsxaUZb9Dp8HbF5kUf+4Wy/AxR33o+LRoO8blEWCHth0ZsCLA==
  dependencies:
    autoprefixer "^9.4.9"
    browserslist "^4.4.2"
    caniuse-lite "^1.0.30000939"
    css-blank-pseudo "^0.1.4"
    css-has-pseudo "^0.10.0"
    css-prefers-color-scheme "^3.1.1"
    cssdb "^4.3.0"
    postcss "^7.0.14"
    postcss-attribute-case-insensitive "^4.0.1"
    postcss-color-functional-notation "^2.0.1"
    postcss-color-gray "^5.0.0"
    postcss-color-hex-alpha "^5.0.2"
    postcss-color-mod-function "^3.0.3"
    postcss-color-rebeccapurple "^4.0.1"
    postcss-custom-media "^7.0.7"
    postcss-custom-properties "^8.0.9"
    postcss-custom-selectors "^5.1.2"
    postcss-dir-pseudo-class "^5.0.0"
    postcss-double-position-gradients "^1.0.0"
    postcss-env-function "^2.0.2"
    postcss-focus-visible "^4.0.0"
    postcss-focus-within "^3.0.0"
    postcss-font-variant "^4.0.0"
    postcss-gap-properties "^2.0.0"
    postcss-image-set-function "^3.0.1"
    postcss-initial "^3.0.0"
    postcss-lab-function "^2.0.1"
    postcss-logical "^3.0.0"
    postcss-media-minmax "^4.0.0"
    postcss-nesting "^7.0.0"
    postcss-overflow-shorthand "^2.0.0"
    postcss-page-break "^2.0.0"
    postcss-place "^4.0.1"
    postcss-pseudo-class-any-link "^6.0.0"
    postcss-replace-overflow-wrap "^3.0.0"
    postcss-selector-matches "^4.0.0"
    postcss-selector-not "^4.0.0"

postcss-pseudo-class-any-link@^6.0.0:
  version "6.0.0"
  resolved "https://registry.npmjs.org/postcss-pseudo-class-any-link/-/postcss-pseudo-class-any-link-6.0.0.tgz#2ed3eed393b3702879dec4a87032b210daeb04d1"
  integrity sha512-lgXW9sYJdLqtmw23otOzrtbDXofUdfYzNm4PIpNE322/swES3VU9XlXHeJS46zT2onFO7V1QFdD4Q9LiZj8mew==
  dependencies:
    postcss "^7.0.2"
    postcss-selector-parser "^5.0.0-rc.3"

postcss-replace-overflow-wrap@^3.0.0:
  version "3.0.0"
  resolved "https://registry.npmjs.org/postcss-replace-overflow-wrap/-/postcss-replace-overflow-wrap-3.0.0.tgz#61b360ffdaedca84c7c918d2b0f0d0ea559ab01c"
  integrity sha512-2T5hcEHArDT6X9+9dVSPQdo7QHzG4XKclFT8rU5TzJPDN7RIRTbO9c4drUISOVemLj03aezStHCR2AIcr8XLpw==
  dependencies:
    postcss "^7.0.2"

postcss-selector-matches@^4.0.0:
  version "4.0.0"
  resolved "https://registry.npmjs.org/postcss-selector-matches/-/postcss-selector-matches-4.0.0.tgz#71c8248f917ba2cc93037c9637ee09c64436fcff"
  integrity sha512-LgsHwQR/EsRYSqlwdGzeaPKVT0Ml7LAT6E75T8W8xLJY62CE4S/l03BWIt3jT8Taq22kXP08s2SfTSzaraoPww==
  dependencies:
    balanced-match "^1.0.0"
    postcss "^7.0.2"

postcss-selector-not@^4.0.0:
  version "4.0.0"
  resolved "https://registry.npmjs.org/postcss-selector-not/-/postcss-selector-not-4.0.0.tgz#c68ff7ba96527499e832724a2674d65603b645c0"
  integrity sha512-W+bkBZRhqJaYN8XAnbbZPLWMvZD1wKTu0UxtFKdhtGjWYmxhkUneoeOhRJKdAE5V7ZTlnbHfCR+6bNwK9e1dTQ==
  dependencies:
    balanced-match "^1.0.0"
    postcss "^7.0.2"

postcss-selector-parser@^5.0.0, postcss-selector-parser@^5.0.0-rc.3, postcss-selector-parser@^5.0.0-rc.4:
  version "5.0.0"
  resolved "https://registry.npmjs.org/postcss-selector-parser/-/postcss-selector-parser-5.0.0.tgz#249044356697b33b64f1a8f7c80922dddee7195c"
  integrity sha512-w+zLE5Jhg6Liz8+rQOWEAwtwkyqpfnmsinXjXg6cY7YIONZZtgvE0v2O0uhQBs0peNomOJwWRKt6JBfTdTd3OQ==
  dependencies:
    cssesc "^2.0.0"
    indexes-of "^1.0.1"
    uniq "^1.0.1"

postcss-value-parser@^3.3.1:
  version "3.3.1"
  resolved "https://registry.npmjs.org/postcss-value-parser/-/postcss-value-parser-3.3.1.tgz#9ff822547e2893213cf1c30efa51ac5fd1ba8281"
  integrity sha512-pISE66AbVkp4fDQ7VHBwRNXzAAKJjw4Vw7nWI/+Q3vuly7SNfgYXvm6i5IgFylHGK5sP/xHAbB7N49OS4gWNyQ==

postcss-values-parser@^2.0.0:
  version "2.0.1"
  resolved "https://registry.npmjs.org/postcss-values-parser/-/postcss-values-parser-2.0.1.tgz#da8b472d901da1e205b47bdc98637b9e9e550e5f"
  integrity sha512-2tLuBsA6P4rYTNKCXYG/71C7j1pU6pK503suYOmn4xYrQIzW+opD+7FAFNuGSdZC/3Qfy334QbeMu7MEb8gOxg==
  dependencies:
    flatten "^1.0.2"
    indexes-of "^1.0.1"
    uniq "^1.0.1"

postcss@^7.0.14:
  version "7.0.14"
  resolved "https://registry.npmjs.org/postcss/-/postcss-7.0.14.tgz#4527ed6b1ca0d82c53ce5ec1a2041c2346bbd6e5"
  integrity sha512-NsbD6XUUMZvBxtQAJuWDJeeC4QFsmWsfozWxCJPWf3M55K9iu2iMDaKqyoOdTJ1R4usBXuxlVFAIo8rZPQD4Bg==
  dependencies:
    chalk "^2.4.2"
    source-map "^0.6.1"
    supports-color "^6.1.0"

postcss@^7.0.2, postcss@^7.0.5, postcss@^7.0.6:
  version "7.0.13"
  resolved "https://registry.npmjs.org/postcss/-/postcss-7.0.13.tgz#42bf716413e8f1c786ab71dc6e722b3671b16708"
  integrity sha512-h8SY6kQTd1wISHWjz+E6cswdhMuyBZRb16pSTv3W4zYZ3/YbyWeJdNUeOXB5IdZqE1U76OUEjjjqsC3z2f3hVg==
  dependencies:
    chalk "^2.4.2"
    source-map "^0.6.1"
    supports-color "^6.1.0"

prismjs@1.16.0:
  version "1.16.0"
  resolved "https://registry.npmjs.org/prismjs/-/prismjs-1.16.0.tgz#406eb2c8aacb0f5f0f1167930cb83835d10a4308"
  integrity sha512-OA4MKxjFZHSvZcisLGe14THYsug/nF6O1f0pAJc0KN0wTyAcLqmsbE+lTGKSpyh+9pEW57+k6pg2AfYR+coyHA==
  optionalDependencies:
    clipboard "^2.0.0"

select@^1.1.2:
  version "1.1.2"
  resolved "https://registry.npmjs.org/select/-/select-1.1.2.tgz#0e7350acdec80b1108528786ec1d4418d11b396d"
  integrity sha1-DnNQrN7ICxEIUoeG7B1EGNEbOW0=

semver@^5.3.0:
  version "5.6.0"
  resolved "https://registry.npmjs.org/semver/-/semver-5.6.0.tgz#7e74256fbaa49c75aa7c7a205cc22799cac80004"
  integrity sha512-RS9R6R35NYgQn++fkDWaOmqGoj4Ek9gGs+DPxNUZKuwE183xjJroKvyo1IzVFeXvUrvmALy6FWD5xrdJT25gMg==

source-map@^0.6.1:
  version "0.6.1"
  resolved "https://registry.npmjs.org/source-map/-/source-map-0.6.1.tgz#74722af32e9614e9c287a8d0bbde48b5e2f1a263"
  integrity sha512-UjgapumWlbMhkBgzT7Ykc5YXUT46F0iKu8SGXq0bcwP5dz/h0Plj6enJqjz1Zbq2l5WaqYnrVbwWOWMyF3F47g==

supports-color@^5.3.0:
  version "5.5.0"
  resolved "https://registry.npmjs.org/supports-color/-/supports-color-5.5.0.tgz#e2e69a44ac8772f78a1ec0b35b689df6530efc8f"
  integrity sha512-QjVjwdXIt408MIiAqCX4oUKsgU2EqAGzs2Ppkm4aQYbjm+ZEWEcW4SfFNTr4uMNZma0ey4f5lgLrkB0aX0QMow==
  dependencies:
    has-flag "^3.0.0"

supports-color@^6.1.0:
  version "6.1.0"
  resolved "https://registry.npmjs.org/supports-color/-/supports-color-6.1.0.tgz#0764abc69c63d5ac842dd4867e8d025e880df8f3"
  integrity sha512-qe1jfm1Mg7Nq/NSh6XE24gPXROEVsWHxC1LIx//XNlD9iw7YZQGjZNjYN7xGaEG6iKdA8EtNFW6R0gjnVXp+wQ==
  dependencies:
    has-flag "^3.0.0"

tiny-emitter@^2.0.0:
  version "2.0.2"
  resolved "https://registry.npmjs.org/tiny-emitter/-/tiny-emitter-2.0.2.tgz#82d27468aca5ade8e5fd1e6d22b57dd43ebdfb7c"
  integrity sha512-2NM0auVBGft5tee/OxP4PI3d8WItkDM+fPnaRAVo6xTDI2knbz9eC5ArWGqtGlYqiH3RU5yMpdyTTO7MguC4ow==

typeface-roboto@^0.0.54:
  version "0.0.54"
  resolved "https://registry.npmjs.org/typeface-roboto/-/typeface-roboto-0.0.54.tgz#8f02c9a18d1cfa7f49381a6ff0d21ff061f38ad2"
  integrity sha512-sOFA1FXgP0gOgBYlS6irwq6hHYA370KE3dPlgYEJHL3PJd5X8gQE0RmL79ONif6fL5JZuGDj+rtOrFeOqz5IZQ==

uniq@^1.0.1:
  version "1.0.1"
  resolved "https://registry.npmjs.org/uniq/-/uniq-1.0.1.tgz#b31c5ae8254844a3a8281541ce2b04b865a734ff"
  integrity sha1-sxxa6CVIRKOoKBVBzisEuGWnNP8=
